
Microsoft Visual Studio Solution File, Format Version 12.00
# Visual Studio Version 17
VisualStudioVersion = 17.4.33213.308
MinimumVisualStudioVersion = 10.0.40219.1
Project("{8BC9CEB8-8B4A-11D0-8D11-00A0C91BC942}") = "Lab5_aplicatia1", "Lab5_aplicatia1\Lab5_aplicatia1.vcxproj", "{21EC0573-EF41-46CA-8AAF-08511BED7C61}"
EndProject
Project("{8BC9CEB8-8B4A-11D0-8D11-00A0C91BC942}") = "Lab5_aplicatia2", "Lab5_aplicatia2\Lab5_aplicatia2.vcxproj", "{23A670E9-D811-41B4-8FB7-AD2997175D9E}"
EndProject
Global
	GlobalSection(SolutionConfigurationPlatforms) = preSolution
		Debug|x86 = Debug|x86
		Release|x86 = Release|x86
	EndGlobalSection
	GlobalSection(ProjectConfigurationPlatforms) = postSolution
		{21EC0573-EF41-46CA-8AAF-08511BED7C61}.Debug|x86.ActiveCfg = Debug|Win32
		{21EC0573-EF41-46CA-8AAF-08511BED7C61}.Debug|x86.Build.0 = Debug|Win32
		{21EC0573-EF41-46CA-8AAF-08511BED7C61}.Release|x86.ActiveCfg = Release|Win32
		{21EC0573-EF41-46CA-8AAF-08511BED7C61}.Release|x86.Build.0 = Release|Win32
		{23A670E9-D811-41B4-8FB7-AD2997175D9E}.Debug|x86.ActiveCfg = Debug|Win32
		{23A670E9-D811-41B4-8FB7-AD2997175D9E}.Debug|x86.Build.0 = Debug|Win32
		{23A670E9-D811-41B4-8FB7-AD2997175D9E}.Release|x86.ActiveCfg = Release|Win32
		{23A670E9-D811-41B4-8FB7-AD2997175D9E}.Release|x86.Build.0 = Release|Win32
	EndGlobalSection
	GlobalSection(SolutionProperties) = preSolution
		HideSolutionNode = FALSE
	EndGlobalSection
	GlobalSection(ExtensibilityGlobals) = postSolution
		SolutionGuid = {6DA1D91E-8405-4161-9363-E795058B0974}
	EndGlobalSection
EndGlobal
